
Microsoft Visual Studio Solution File, Format Version 12.00
# Visual Studio Version 17
VisualStudioVersion = 17.8.34309.116
MinimumVisualStudioVersion = 10.0.40219.1
Project("{FAE04EC0-301F-11D3-BF4B-00C04F79EFBC}") = "IdentityManager", "IdentityManager.csproj", "{B7A90ECE-42BC-427B-8CBF-846FFCA7F4DB}"
EndProject
Global
	GlobalSection(SolutionConfigurationPlatforms) = preSolution
		Debug|Any CPU = Debug|Any CPU
		Release|Any CPU = Release|Any CPU
	EndGlobalSection
	GlobalSection(ProjectConfigurationPlatforms) = postSolution
		{B7A90ECE-42BC-427B-8CBF-846FFCA7F4DB}.Debug|Any CPU.ActiveCfg = Debug|Any CPU
		{B7A90ECE-42BC-427B-8CBF-846FFCA7F4DB}.Debug|Any CPU.Build.0 = Debug|Any CPU
		{B7A90ECE-42BC-427B-8CBF-846FFCA7F4DB}.Release|Any CPU.ActiveCfg = Release|Any CPU
		{B7A90ECE-42BC-427B-8CBF-846FFCA7F4DB}.Release|Any CPU.Build.0 = Release|Any CPU
	EndGlobalSection
	GlobalSection(SolutionProperties) = preSolution
		HideSolutionNode = FALSE
	EndGlobalSection
	GlobalSection(ExtensibilityGlobals) = postSolution
		SolutionGuid = {5F63E9FA-9ECA-4DDC-AB11-B3463F1CD23E}
	EndGlobalSection
EndGlobal
